
Microsoft Visual Studio Solution File, Format Version 12.00
# Visual Studio Version 17
VisualStudioVersion = 17.4.33205.214
MinimumVisualStudioVersion = 10.0.40219.1
Project("{888888A0-9F3D-457C-B088-3A5042F75D52}") = "Kontrolltöö_Kordused", "Kontrolltöö_Kordused.pyproj", "{BC91EEA9-37E8-4238-A53D-7FC97F2DEF4B}"
EndProject
Global
	GlobalSection(SolutionConfigurationPlatforms) = preSolution
		Debug|Any CPU = Debug|Any CPU
		Release|Any CPU = Release|Any CPU
	EndGlobalSection
	GlobalSection(ProjectConfigurationPlatforms) = postSolution
		{BC91EEA9-37E8-4238-A53D-7FC97F2DEF4B}.Debug|Any CPU.ActiveCfg = Debug|Any CPU
		{BC91EEA9-37E8-4238-A53D-7FC97F2DEF4B}.Release|Any CPU.ActiveCfg = Release|Any CPU
	EndGlobalSection
	GlobalSection(SolutionProperties) = preSolution
		HideSolutionNode = FALSE
	EndGlobalSection
	GlobalSection(ExtensibilityGlobals) = postSolution
		SolutionGuid = {8548F595-CDA6-43C4-8BC0-5883E6DD4AE8}
	EndGlobalSection
EndGlobal
